
Microsoft Visual Studio Solution File, Format Version 12.00
# Visual Studio Version 17
VisualStudioVersion = 17.4.33110.190
MinimumVisualStudioVersion = 10.0.40219.1
Project("{2150E333-8FDC-42A3-9474-1A3956D46DE8}") = "src", "src", "{A81CD29A-9379-4AA4-8D43-A2C783DA461C}"
EndProject
Project("{FAE04EC0-301F-11D3-BF4B-00C04F79EFBC}") = "BuberDinner.Api", "BuberDinner.Api\BuberDinner.Api.csproj", "{0C6E015B-68CA-4F1C-85A6-84C1A8391454}"
EndProject
Project("{FAE04EC0-301F-11D3-BF4B-00C04F79EFBC}") = "BuberDinner.Application", "BuberDinner.Application\BuberDinner.Application.csproj", "{BE64CDCE-946A-4307-8240-D25471EA84A3}"
EndProject
Project("{FAE04EC0-301F-11D3-BF4B-00C04F79EFBC}") = "BuberDinner.Domain", "BuberDinner.Domain\BuberDinner.Domain.csproj", "{2D239D5F-21A8-4456-9AF8-446D334F42D0}"
EndProject
Project("{FAE04EC0-301F-11D3-BF4B-00C04F79EFBC}") = "BuberDinner.Infrastructure", "BuberDinner.Infrastructure\BuberDinner.Infrastructure.csproj", "{9A3FF6E9-2154-4A9B-8BBC-483183A0167A}"
EndProject
Project("{FAE04EC0-301F-11D3-BF4B-00C04F79EFBC}") = "BuberDinner.Contracts", "BuberDinner.Contracts\BuberDinner.Contracts.csproj", "{95CD0158-5C2B-49B1-8393-32E95DFA2524}"
EndProject
Global
	GlobalSection(SolutionConfigurationPlatforms) = preSolution
		Debug|Any CPU = Debug|Any CPU
		Release|Any CPU = Release|Any CPU
	EndGlobalSection
	GlobalSection(ProjectConfigurationPlatforms) = postSolution
		{0C6E015B-68CA-4F1C-85A6-84C1A8391454}.Debug|Any CPU.ActiveCfg = Debug|Any CPU
		{0C6E015B-68CA-4F1C-85A6-84C1A8391454}.Debug|Any CPU.Build.0 = Debug|Any CPU
		{0C6E015B-68CA-4F1C-85A6-84C1A8391454}.Release|Any CPU.ActiveCfg = Release|Any CPU
		{0C6E015B-68CA-4F1C-85A6-84C1A8391454}.Release|Any CPU.Build.0 = Release|Any CPU
		{BE64CDCE-946A-4307-8240-D25471EA84A3}.Debug|Any CPU.ActiveCfg = Debug|Any CPU
		{BE64CDCE-946A-4307-8240-D25471EA84A3}.Debug|Any CPU.Build.0 = Debug|Any CPU
		{BE64CDCE-946A-4307-8240-D25471EA84A3}.Release|Any CPU.ActiveCfg = Release|Any CPU
		{BE64CDCE-946A-4307-8240-D25471EA84A3}.Release|Any CPU.Build.0 = Release|Any CPU
		{2D239D5F-21A8-4456-9AF8-446D334F42D0}.Debug|Any CPU.ActiveCfg = Debug|Any CPU
		{2D239D5F-21A8-4456-9AF8-446D334F42D0}.Debug|Any CPU.Build.0 = Debug|Any CPU
		{2D239D5F-21A8-4456-9AF8-446D334F42D0}.Release|Any CPU.ActiveCfg = Release|Any CPU
		{2D239D5F-21A8-4456-9AF8-446D334F42D0}.Release|Any CPU.Build.0 = Release|Any CPU
		{9A3FF6E9-2154-4A9B-8BBC-483183A0167A}.Debug|Any CPU.ActiveCfg = Debug|Any CPU
		{9A3FF6E9-2154-4A9B-8BBC-483183A0167A}.Debug|Any CPU.Build.0 = Debug|Any CPU
		{9A3FF6E9-2154-4A9B-8BBC-483183A0167A}.Release|Any CPU.ActiveCfg = Release|Any CPU
		{9A3FF6E9-2154-4A9B-8BBC-483183A0167A}.Release|Any CPU.Build.0 = Release|Any CPU
		{95CD0158-5C2B-49B1-8393-32E95DFA2524}.Debug|Any CPU.ActiveCfg = Debug|Any CPU
		{95CD0158-5C2B-49B1-8393-32E95DFA2524}.Debug|Any CPU.Build.0 = Debug|Any CPU
		{95CD0158-5C2B-49B1-8393-32E95DFA2524}.Release|Any CPU.ActiveCfg = Release|Any CPU
		{95CD0158-5C2B-49B1-8393-32E95DFA2524}.Release|Any CPU.Build.0 = Release|Any CPU
	EndGlobalSection
	GlobalSection(SolutionProperties) = preSolution
		HideSolutionNode = FALSE
	EndGlobalSection
	GlobalSection(NestedProjects) = preSolution
		{0C6E015B-68CA-4F1C-85A6-84C1A8391454} = {A81CD29A-9379-4AA4-8D43-A2C783DA461C}
		{BE64CDCE-946A-4307-8240-D25471EA84A3} = {A81CD29A-9379-4AA4-8D43-A2C783DA461C}
		{2D239D5F-21A8-4456-9AF8-446D334F42D0} = {A81CD29A-9379-4AA4-8D43-A2C783DA461C}
		{9A3FF6E9-2154-4A9B-8BBC-483183A0167A} = {A81CD29A-9379-4AA4-8D43-A2C783DA461C}
		{95CD0158-5C2B-49B1-8393-32E95DFA2524} = {A81CD29A-9379-4AA4-8D43-A2C783DA461C}
	EndGlobalSection
	GlobalSection(ExtensibilityGlobals) = postSolution
		SolutionGuid = {BB49F1BE-7FF5-43CC-BF48-1D4208AE7C9E}
	EndGlobalSection
EndGlobal
